<?xml version="1.0" encoding="utf-8"?>
<Project ToolsVersion="4.0" xmlns="http://schemas.microsoft.com/developer/msbuild/2003">
  <ItemGroup>
    <Filter Include="Source Files">
      <UniqueIdentifier>{4FC737F1-C7A5-4376-A066-2A32D752A2FF}</UniqueIdentifier>
      <Extensions>cpp;c;cc;cxx;c++;cppm;ixx;def;odl;idl;hpj;bat;asm;asmx</Extensions>
    </Filter>
    <Filter Include="Header Files">
      <UniqueIdentifier>{93995380-89BD-4b04-88EB-625FBE52EBFB}</UniqueIdentifier>
      <Extensions>h;hh;hpp;hxx;h++;hm;inl;inc;ipp;xsd</Extensions>
    </Filter>
    <Filter Include="Resource Files">
      <UniqueIdentifier>{67DA6AB6-F800-4c08-8B7A-83BB121AAD01}</UniqueIdentifier>
      <Extensions>rc;ico;cur;bmp;dlg;rc2;rct;bin;rgs;gif;jpg;jpeg;jpe;resx;tiff;tif;png;wav;mfcribbon-ms</Extensions>
    </Filter>
    <Filter Include="mem">
      <UniqueIdentifier>{7c60912f-abee-4997-8fa3-4437f4ec3678}</UniqueIdentifier>
    </Filter>
    <Filter Include="proc">
      <UniqueIdentifier>{626f0621-d36f-44ce-9513-2f3983c04a68}</UniqueIdentifier>
    </Filter>
    <Filter Include="pch">
      <UniqueIdentifier>{a5d525b7-229d-4f57-8db1-2e7d4f2911de}</UniqueIdentifier>
    </Filter>
    <Filter Include="GLtext">
      <UniqueIdentifier>{199f5deb-99e2-4603-8610-8f8e43001014}</UniqueIdentifier>
    </Filter>
    <Filter Include="GLDraw">
      <UniqueIdentifier>{85dac577-7cd9-4651-835f-451f2e169d7b}</UniqueIdentifier>
    </Filter>
    <Filter Include="hook">
      <UniqueIdentifier>{81fbff0b-7fae-48b3-83d3-07f46fe103d7}</UniqueIdentifier>
    </Filter>
    <Filter Include="gemo">
      <UniqueIdentifier>{b747e917-b8f7-47d5-9a02-06f3caef9ac0}</UniqueIdentifier>
    </Filter>
    <Filter Include="ESP">
      <UniqueIdentifier>{02639e4b-67c2-4a16-87e5-8fa49f853375}</UniqueIdentifier>
    </Filter>
  </ItemGroup>
  <ItemGroup>
    <ClInclude Include="framework.h">
      <Filter>Header Files</Filter>
    </ClInclude>
    <ClInclude Include="proc.h">
      <Filter>proc</Filter>
    </ClInclude>
    <ClInclude Include="mem.h">
      <Filter>mem</Filter>
    </ClInclude>
    <ClInclude Include="targetver.h">
      <Filter>pch</Filter>
    </ClInclude>
    <ClInclude Include="stdafx.h">
      <Filter>pch</Filter>
    </ClInclude>
    <ClInclude Include="gltext.h">
      <Filter>GLtext</Filter>
    </ClInclude>
    <ClInclude Include="glDraw.h">
      <Filter>GLDraw</Filter>
    </ClInclude>
    <ClInclude Include="hook.h">
      <Filter>hook</Filter>
    </ClInclude>
    <ClInclude Include="assultCube.h">
      <Filter>Header Files</Filter>
    </ClInclude>
    <ClInclude Include="gemo.h">
      <Filter>gemo</Filter>
    </ClInclude>
    <ClInclude Include="ESP.h">
      <Filter>ESP</Filter>
    </ClInclude>
  </ItemGroup>
  <ItemGroup>
    <ClCompile Include="dllmain.cpp">
      <Filter>Source Files</Filter>
    </ClCompile>
    <ClCompile Include="proc.cpp">
      <Filter>proc</Filter>
    </ClCompile>
    <ClCompile Include="mem.cpp">
      <Filter>mem</Filter>
    </ClCompile>
    <ClCompile Include="stdafx.cpp">
      <Filter>pch</Filter>
    </ClCompile>
    <ClCompile Include="gltext.cpp">
      <Filter>GLtext</Filter>
    </ClCompile>
    <ClCompile Include="glDraw.cpp">
      <Filter>GLDraw</Filter>
    </ClCompile>
    <ClCompile Include="hook.cpp">
      <Filter>hook</Filter>
    </ClCompile>
    <ClCompile Include="gemo.cpp">
      <Filter>gemo</Filter>
    </ClCompile>
    <ClCompile Include="ESP.cpp">
      <Filter>ESP</Filter>
    </ClCompile>
  </ItemGroup>
</Project>